
Microsoft Visual Studio Solution File, Format Version 12.00
# Visual Studio Version 17
VisualStudioVersion = 17.7.34031.279
MinimumVisualStudioVersion = 10.0.40219.1
Project("{9A19103F-16F7-4668-BE54-9A1E7A4F7556}") = "ContactBookAPI", "ContactBookAPI\ContactBookAPI.csproj", "{1A4035F6-E473-442C-A1D3-D1FAE10E3604}"
EndProject
Project("{9A19103F-16F7-4668-BE54-9A1E7A4F7556}") = "ContactBookAPI.Model", "ContactBookAPI.Model\ContactBookAPI.Model.csproj", "{C0ACCF68-DAD4-4AF9-B7E4-467335E08056}"
EndProject
Project("{9A19103F-16F7-4668-BE54-9A1E7A4F7556}") = "ContactBookAPI.Utilities", "ContactBookAPI.Utilities\ContactBookAPI.Utilities.csproj", "{42F29451-FBDC-4B02-8797-4E3F9639D2B8}"
EndProject
Project("{9A19103F-16F7-4668-BE54-9A1E7A4F7556}") = "ContactBookAPI.Data", "ContactBookAPI.Data\ContactBookAPI.Data.csproj", "{DF414A2F-57FD-4A56-8052-083DAC8C7315}"
EndProject
Global
	GlobalSection(SolutionConfigurationPlatforms) = preSolution
		Debug|Any CPU = Debug|Any CPU
		Release|Any CPU = Release|Any CPU
	EndGlobalSection
	GlobalSection(ProjectConfigurationPlatforms) = postSolution
		{1A4035F6-E473-442C-A1D3-D1FAE10E3604}.Debug|Any CPU.ActiveCfg = Debug|Any CPU
		{1A4035F6-E473-442C-A1D3-D1FAE10E3604}.Debug|Any CPU.Build.0 = Debug|Any CPU
		{1A4035F6-E473-442C-A1D3-D1FAE10E3604}.Release|Any CPU.ActiveCfg = Release|Any CPU
		{1A4035F6-E473-442C-A1D3-D1FAE10E3604}.Release|Any CPU.Build.0 = Release|Any CPU
		{C0ACCF68-DAD4-4AF9-B7E4-467335E08056}.Debug|Any CPU.ActiveCfg = Debug|Any CPU
		{C0ACCF68-DAD4-4AF9-B7E4-467335E08056}.Debug|Any CPU.Build.0 = Debug|Any CPU
		{C0ACCF68-DAD4-4AF9-B7E4-467335E08056}.Release|Any CPU.ActiveCfg = Release|Any CPU
		{C0ACCF68-DAD4-4AF9-B7E4-467335E08056}.Release|Any CPU.Build.0 = Release|Any CPU
		{42F29451-FBDC-4B02-8797-4E3F9639D2B8}.Debug|Any CPU.ActiveCfg = Debug|Any CPU
		{42F29451-FBDC-4B02-8797-4E3F9639D2B8}.Debug|Any CPU.Build.0 = Debug|Any CPU
		{42F29451-FBDC-4B02-8797-4E3F9639D2B8}.Release|Any CPU.ActiveCfg = Release|Any CPU
		{42F29451-FBDC-4B02-8797-4E3F9639D2B8}.Release|Any CPU.Build.0 = Release|Any CPU
		{DF414A2F-57FD-4A56-8052-083DAC8C7315}.Debug|Any CPU.ActiveCfg = Debug|Any CPU
		{DF414A2F-57FD-4A56-8052-083DAC8C7315}.Debug|Any CPU.Build.0 = Debug|Any CPU
		{DF414A2F-57FD-4A56-8052-083DAC8C7315}.Release|Any CPU.ActiveCfg = Release|Any CPU
		{DF414A2F-57FD-4A56-8052-083DAC8C7315}.Release|Any CPU.Build.0 = Release|Any CPU
	EndGlobalSection
	GlobalSection(SolutionProperties) = preSolution
		HideSolutionNode = FALSE
	EndGlobalSection
	GlobalSection(ExtensibilityGlobals) = postSolution
		SolutionGuid = {D93E1D1B-0C8E-4A2F-B142-5B1AB21AF3C5}
	EndGlobalSection
EndGlobal
